
Microsoft Visual Studio Solution File, Format Version 12.00
# Visual Studio Version 17
VisualStudioVersion = 17.11.35222.181
MinimumVisualStudioVersion = 10.0.40219.1
Project("{FAE04EC0-301F-11D3-BF4B-00C04F79EFBC}") = "juego_ahorcado", "juego_ahorcado\juego_ahorcado.csproj", "{6594F8BA-6F56-4787-8D77-B13B4F1B908A}"
EndProject
Global
	GlobalSection(SolutionConfigurationPlatforms) = preSolution
		Debug|Any CPU = Debug|Any CPU
		Release|Any CPU = Release|Any CPU
	EndGlobalSection
	GlobalSection(ProjectConfigurationPlatforms) = postSolution
		{6594F8BA-6F56-4787-8D77-B13B4F1B908A}.Debug|Any CPU.ActiveCfg = Debug|Any CPU
		{6594F8BA-6F56-4787-8D77-B13B4F1B908A}.Debug|Any CPU.Build.0 = Debug|Any CPU
		{6594F8BA-6F56-4787-8D77-B13B4F1B908A}.Release|Any CPU.ActiveCfg = Release|Any CPU
		{6594F8BA-6F56-4787-8D77-B13B4F1B908A}.Release|Any CPU.Build.0 = Release|Any CPU
	EndGlobalSection
	GlobalSection(SolutionProperties) = preSolution
		HideSolutionNode = FALSE
	EndGlobalSection
	GlobalSection(ExtensibilityGlobals) = postSolution
		SolutionGuid = {824A04C3-8A91-47AA-96C4-B3FE6ED93E95}
	EndGlobalSection
EndGlobal
